
Microsoft Visual Studio Solution File, Format Version 12.00
# Visual Studio 15
Project("{FAE04EC0-301F-11D3-BF4B-00C04F79EFBC}") = "Assembly-CSharp", "Assembly-CSharp.csproj", "{D7DC2444-A693-3BA0-E6BF-D728C32E3CF6}"
EndProject
Project("{FAE04EC0-301F-11D3-BF4B-00C04F79EFBC}") = "Assembly-CSharp-Editor", "Assembly-CSharp-Editor.csproj", "{B83AAE74-5B0C-43C1-89AC-C607A6848472}"
EndProject
Global
	GlobalSection(SolutionConfigurationPlatforms) = preSolution
		Debug|Any CPU = Debug|Any CPU
		Release|Any CPU = Release|Any CPU
	EndGlobalSection
	GlobalSection(ProjectConfigurationPlatforms) = postSolution
		{D7DC2444-A693-3BA0-E6BF-D728C32E3CF6}.Debug|Any CPU.ActiveCfg = Debug|Any CPU
		{D7DC2444-A693-3BA0-E6BF-D728C32E3CF6}.Debug|Any CPU.Build.0 = Debug|Any CPU
		{D7DC2444-A693-3BA0-E6BF-D728C32E3CF6}.Release|Any CPU.ActiveCfg = Release|Any CPU
		{D7DC2444-A693-3BA0-E6BF-D728C32E3CF6}.Release|Any CPU.Build.0 = Release|Any CPU
		{B83AAE74-5B0C-43C1-89AC-C607A6848472}.Debug|Any CPU.ActiveCfg = Debug|Any CPU
		{B83AAE74-5B0C-43C1-89AC-C607A6848472}.Debug|Any CPU.Build.0 = Debug|Any CPU
		{B83AAE74-5B0C-43C1-89AC-C607A6848472}.Release|Any CPU.ActiveCfg = Release|Any CPU
		{B83AAE74-5B0C-43C1-89AC-C607A6848472}.Release|Any CPU.Build.0 = Release|Any CPU
	EndGlobalSection
	GlobalSection(SolutionProperties) = preSolution
		HideSolutionNode = FALSE
	EndGlobalSection
EndGlobal
